
Microsoft Visual Studio Solution File, Format Version 12.00
# Visual Studio Version 16
VisualStudioVersion = 16.0.32510.428
MinimumVisualStudioVersion = 10.0.40219.1
Project("{FAE04EC0-301F-11D3-BF4B-00C04F79EFBC}") = "FougereCMD", "Fougere\FougereCMD.csproj", "{C1496EB4-1D5F-41FE-9A23-E23F96DBE7DF}"
EndProject
Project("{FAE04EC0-301F-11D3-BF4B-00C04F79EFBC}") = "FougereGUI", "FougereGUI\FougereGUI.csproj", "{9B538E40-8129-4951-940A-A5845F311609}"
EndProject
Global
	GlobalSection(SolutionConfigurationPlatforms) = preSolution
		Debug|Any CPU = Debug|Any CPU
		Release|Any CPU = Release|Any CPU
	EndGlobalSection
	GlobalSection(ProjectConfigurationPlatforms) = postSolution
		{C1496EB4-1D5F-41FE-9A23-E23F96DBE7DF}.Debug|Any CPU.ActiveCfg = Debug|Any CPU
		{C1496EB4-1D5F-41FE-9A23-E23F96DBE7DF}.Debug|Any CPU.Build.0 = Debug|Any CPU
		{C1496EB4-1D5F-41FE-9A23-E23F96DBE7DF}.Release|Any CPU.ActiveCfg = Release|Any CPU
		{C1496EB4-1D5F-41FE-9A23-E23F96DBE7DF}.Release|Any CPU.Build.0 = Release|Any CPU
		{9B538E40-8129-4951-940A-A5845F311609}.Debug|Any CPU.ActiveCfg = Debug|Any CPU
		{9B538E40-8129-4951-940A-A5845F311609}.Debug|Any CPU.Build.0 = Debug|Any CPU
		{9B538E40-8129-4951-940A-A5845F311609}.Release|Any CPU.ActiveCfg = Release|Any CPU
		{9B538E40-8129-4951-940A-A5845F311609}.Release|Any CPU.Build.0 = Release|Any CPU
	EndGlobalSection
	GlobalSection(SolutionProperties) = preSolution
		HideSolutionNode = FALSE
	EndGlobalSection
	GlobalSection(ExtensibilityGlobals) = postSolution
		SolutionGuid = {C60C884A-3CE1-4967-929C-A42BAD32DCDC}
	EndGlobalSection
EndGlobal
